// !$*UTF8*$!
{
	archiveVersion = 1;
	classes = {
	};
	objectVersion = 46;
	objects = {

/* Begin PBXBuildFile section */
		F80B924D1CC990B300656EA2 /* main.m in Sources */ = {isa = PBXBuildFile; fileRef = F80B924C1CC990B300656EA2 /* main.m */; };
		F80B92501CC990B300656EA2 /* AppDelegate.m in Sources */ = {isa = PBXBuildFile; fileRef = F80B924F1CC990B300656EA2 /* AppDelegate.m */; };
		F80B92521CC990B300656EA2 /* art.scnassets in Resources */ = {isa = PBXBuildFile; fileRef = F80B92511CC990B300656EA2 /* art.scnassets */; };
		F80B92581CC990B300656EA2 /* Main.storyboard in Resources */ = {isa = PBXBuildFile; fileRef = F80B92561CC990B300656EA2 /* Main.storyboard */; };
		F80B925A1CC990B300656EA2 /* Assets.xcassets in Resources */ = {isa = PBXBuildFile; fileRef = F80B92591CC990B300656EA2 /* Assets.xcassets */; };
		F80B92681CC9919200656EA2 /* BaseScene.m in Sources */ = {isa = PBXBuildFile; fileRef = F80B92671CC9919200656EA2 /* BaseScene.m */; };
		F80B926E1CC991BF00656EA2 /* StillScene.m in Sources */ = {isa = PBXBuildFile; fileRef = F80B926A1CC991BF00656EA2 /* StillScene.m */; };
		F80B92781CC9923400656EA2 /* ScrollScene.m in Sources */ = {isa = PBXBuildFile; fileRef = F80B92741CC9923400656EA2 /* ScrollScene.m */; };
		F80B927F1CC9929000656EA2 /* GameViewController.m in Sources */ = {isa = PBXBuildFile; fileRef = F80B927E1CC9929000656EA2 /* GameViewController.m */; };
		F80B92851CC992B100656EA2 /* GameUtility.m in Sources */ = {isa = PBXBuildFile; fileRef = F80B92821CC992B100656EA2 /* GameUtility.m */; };
		F80B92861CC992B100656EA2 /* UIColor+GameColors.m in Sources */ = {isa = PBXBuildFile; fileRef = F80B92841CC992B100656EA2 /* UIColor+GameColors.m */; };
		F80B928D1CC9934800656EA2 /* EnvironmentManager.m in Sources */ = {isa = PBXBuildFile; fileRef = F80B928A1CC9934800656EA2 /* EnvironmentManager.m */; };
		F80B928E1CC9934800656EA2 /* ScreenSegment.m in Sources */ = {isa = PBXBuildFile; fileRef = F80B928C1CC9934800656EA2 /* ScreenSegment.m */; };
		F80B92961CC9944600656EA2 /* SwipeMenu.m in Sources */ = {isa = PBXBuildFile; fileRef = F80B92911CC9944600656EA2 /* SwipeMenu.m */; };
		F80B92971CC9944600656EA2 /* SwipeMenuCell.m in Sources */ = {isa = PBXBuildFile; fileRef = F80B92931CC9944600656EA2 /* SwipeMenuCell.m */; };
		F80B92981CC9944600656EA2 /* SwipeMenuHeaderView.m in Sources */ = {isa = PBXBuildFile; fileRef = F80B92951CC9944600656EA2 /* SwipeMenuHeaderView.m */; };
		F81645661CD2BD9000A3D5C5 /* Player.m in Sources */ = {isa = PBXBuildFile; fileRef = F81645651CD2BD9000A3D5C5 /* Player.m */; };
		F81E4BAB1CE1983E001D3C3C /* SchoolScene.m in Sources */ = {isa = PBXBuildFile; fileRef = F81E4BAA1CE1983E001D3C3C /* SchoolScene.m */; };
		F81E4BAD1CE19892001D3C3C /* SchoolScene.sks in Resources */ = {isa = PBXBuildFile; fileRef = F81E4BAC1CE19892001D3C3C /* SchoolScene.sks */; };
		F81E4BAF1CE1990B001D3C3C /* HomeScene.sks in Resources */ = {isa = PBXBuildFile; fileRef = F81E4BAE1CE1990B001D3C3C /* HomeScene.sks */; };
		F81E4BB21CE1991A001D3C3C /* HomeScene.m in Sources */ = {isa = PBXBuildFile; fileRef = F81E4BB11CE1991A001D3C3C /* HomeScene.m */; };
		F81E4BB71CE2C541001D3C3C /* BeachScene.m in Sources */ = {isa = PBXBuildFile; fileRef = F81E4BB61CE2C541001D3C3C /* BeachScene.m */; };
		F81E4BB91CE2C558001D3C3C /* BeachScene.sks in Resources */ = {isa = PBXBuildFile; fileRef = F81E4BB81CE2C558001D3C3C /* BeachScene.sks */; };
		F81E4BBC1CE3090D001D3C3C /* CityScene.sks in Resources */ = {isa = PBXBuildFile; fileRef = F81E4BBB1CE3090D001D3C3C /* CityScene.sks */; };
		F81E4BBF1CE30959001D3C3C /* CityScene.m in Sources */ = {isa = PBXBuildFile; fileRef = F81E4BBE1CE30959001D3C3C /* CityScene.m */; };
		F88A98201CE8667F00B51B06 /* ScreenTexture.m in Sources */ = {isa = PBXBuildFile; fileRef = F88A981F1CE8667F00B51B06 /* ScreenTexture.m */; };
		F88A98241CE889BB00B51B06 /* ElementManager.m in Sources */ = {isa = PBXBuildFile; fileRef = F88A98231CE889BB00B51B06 /* ElementManager.m */; };
		F88A98281CE8A55F00B51B06 /* Element.m in Sources */ = {isa = PBXBuildFile; fileRef = F88A98271CE8A55F00B51B06 /* Element.m */; };
		F88A982B1CE8A75A00B51B06 /* MoneyParticle.sks in Resources */ = {isa = PBXBuildFile; fileRef = F88A98291CE8A75A00B51B06 /* MoneyParticle.sks */; };
		F88A982C1CE8A75A00B51B06 /* spark.png in Resources */ = {isa = PBXBuildFile; fileRef = F88A982A1CE8A75A00B51B06 /* spark.png */; };
		F8D803231CD34B90003AB7E1 /* LaunchScreen.storyboard in Resources */ = {isa = PBXBuildFile; fileRef = F8D803221CD34B90003AB7E1 /* LaunchScreen.storyboard */; };
		F8D803251CD34C31003AB7E1 /* Launch.storyboard in Resources */ = {isa = PBXBuildFile; fileRef = F8D803241CD34C31003AB7E1 /* Launch.storyboard */; };
		F8D803271CD38A3D003AB7E1 /* LogoTempLaunch.png in Resources */ = {isa = PBXBuildFile; fileRef = F8D803261CD38A3D003AB7E1 /* LogoTempLaunch.png */; };
		F8F8A7EB1CD0AA1D0098533D /* LaunchView.m in Sources */ = {isa = PBXBuildFile; fileRef = F8F8A7EA1CD0AA1D0098533D /* LaunchView.m */; };
		F8F8A7EE1CD0B04E0098533D /* MainMenuViewController.m in Sources */ = {isa = PBXBuildFile; fileRef = F8F8A7ED1CD0B04E0098533D /* MainMenuViewController.m */; };
/* End PBXBuildFile section */

/* Begin PBXFileReference section */
		F80B92481CC990B300656EA2 /* Sly Guy.app */ = {isa = PBXFileReference; explicitFileType = wrapper.application; includeInIndex = 0; path = "Sly Guy.app"; sourceTree = BUILT_PRODUCTS_DIR; };
		F80B924C1CC990B300656EA2 /* main.m */ = {isa = PBXFileReference; lastKnownFileType = sourcecode.c.objc; path = main.m; sourceTree = "<group>"; };
		F80B924E1CC990B300656EA2 /* AppDelegate.h */ = {isa = PBXFileReference; lastKnownFileType = sourcecode.c.h; path = AppDelegate.h; sourceTree = "<group>"; };
		F80B924F1CC990B300656EA2 /* AppDelegate.m */ = {isa = PBXFileReference; lastKnownFileType = sourcecode.c.objc; path = AppDelegate.m; sourceTree = "<group>"; };
		F80B92511CC990B300656EA2 /* art.scnassets */ = {isa = PBXFileReference; lastKnownFileType = wrapper.scnassets; path = art.scnassets; sourceTree = "<group>"; };
		F80B92571CC990B300656EA2 /* Base */ = {isa = PBXFileReference; lastKnownFileType = file.storyboard; name = Base; path = Base.lproj/Main.storyboard; sourceTree = "<group>"; };
		F80B92591CC990B300656EA2 /* Assets.xcassets */ = {isa = PBXFileReference; lastKnownFileType = folder.assetcatalog; path = Assets.xcassets; sourceTree = "<group>"; };
		F80B925E1CC990B300656EA2 /* Info.plist */ = {isa = PBXFileReference; lastKnownFileType = text.plist.xml; path = Info.plist; sourceTree = "<group>"; };
		F80B92661CC9919200656EA2 /* BaseScene.h */ = {isa = PBXFileReference; fileEncoding = 4; lastKnownFileType = sourcecode.c.h; path = BaseScene.h; sourceTree = "<group>"; };
		F80B92671CC9919200656EA2 /* BaseScene.m */ = {isa = PBXFileReference; fileEncoding = 4; lastKnownFileType = sourcecode.c.objc; path = BaseScene.m; sourceTree = "<group>"; };
		F80B92691CC991BF00656EA2 /* StillScene.h */ = {isa = PBXFileReference; fileEncoding = 4; lastKnownFileType = sourcecode.c.h; path = StillScene.h; sourceTree = "<group>"; };
		F80B926A1CC991BF00656EA2 /* StillScene.m */ = {isa = PBXFileReference; fileEncoding = 4; lastKnownFileType = sourcecode.c.objc; path = StillScene.m; sourceTree = "<group>"; };
		F80B92731CC9923400656EA2 /* ScrollScene.h */ = {isa = PBXFileReference; fileEncoding = 4; lastKnownFileType = sourcecode.c.h; path = ScrollScene.h; sourceTree = "<group>"; };
		F80B92741CC9923400656EA2 /* ScrollScene.m */ = {isa = PBXFileReference; fileEncoding = 4; lastKnownFileType = sourcecode.c.objc; path = ScrollScene.m; sourceTree = "<group>"; };
		F80B927D1CC9929000656EA2 /* GameViewController.h */ = {isa = PBXFileReference; fileEncoding = 4; lastKnownFileType = sourcecode.c.h; path = GameViewController.h; sourceTree = "<group>"; };
		F80B927E1CC9929000656EA2 /* GameViewController.m */ = {isa = PBXFileReference; fileEncoding = 4; lastKnownFileType = sourcecode.c.objc; path = GameViewController.m; sourceTree = "<group>"; };
		F80B92801CC992B100656EA2 /* Constants.h */ = {isa = PBXFileReference; fileEncoding = 4; lastKnownFileType = sourcecode.c.h; path = Constants.h; sourceTree = "<group>"; };
		F80B92811CC992B100656EA2 /* GameUtility.h */ = {isa = PBXFileReference; fileEncoding = 4; lastKnownFileType = sourcecode.c.h; path = GameUtility.h; sourceTree = "<group>"; };
		F80B92821CC992B100656EA2 /* GameUtility.m */ = {isa = PBXFileReference; fileEncoding = 4; lastKnownFileType = sourcecode.c.objc; path = GameUtility.m; sourceTree = "<group>"; };
		F80B92831CC992B100656EA2 /* UIColor+GameColors.h */ = {isa = PBXFileReference; fileEncoding = 4; lastKnownFileType = sourcecode.c.h; path = "UIColor+GameColors.h"; sourceTree = "<group>"; };
		F80B92841CC992B100656EA2 /* UIColor+GameColors.m */ = {isa = PBXFileReference; fileEncoding = 4; lastKnownFileType = sourcecode.c.objc; path = "UIColor+GameColors.m"; sourceTree = "<group>"; };
		F80B92891CC9934800656EA2 /* EnvironmentManager.h */ = {isa = PBXFileReference; fileEncoding = 4; lastKnownFileType = sourcecode.c.h; path = EnvironmentManager.h; sourceTree = "<group>"; };
		F80B928A1CC9934800656EA2 /* EnvironmentManager.m */ = {isa = PBXFileReference; fileEncoding = 4; lastKnownFileType = sourcecode.c.objc; path = EnvironmentManager.m; sourceTree = "<group>"; };
		F80B928B1CC9934800656EA2 /* ScreenSegment.h */ = {isa = PBXFileReference; fileEncoding = 4; lastKnownFileType = sourcecode.c.h; path = ScreenSegment.h; sourceTree = "<group>"; };
		F80B928C1CC9934800656EA2 /* ScreenSegment.m */ = {isa = PBXFileReference; fileEncoding = 4; lastKnownFileType = sourcecode.c.objc; path = ScreenSegment.m; sourceTree = "<group>"; };
		F80B92901CC9944600656EA2 /* SwipeMenu.h */ = {isa = PBXFileReference; fileEncoding = 4; lastKnownFileType = sourcecode.c.h; path = SwipeMenu.h; sourceTree = "<group>"; };
		F80B92911CC9944600656EA2 /* SwipeMenu.m */ = {isa = PBXFileReference; fileEncoding = 4; lastKnownFileType = sourcecode.c.objc; path = SwipeMenu.m; sourceTree = "<group>"; };
		F80B92921CC9944600656EA2 /* SwipeMenuCell.h */ = {isa = PBXFileReference; fileEncoding = 4; lastKnownFileType = sourcecode.c.h; path = SwipeMenuCell.h; sourceTree = "<group>"; };
		F80B92931CC9944600656EA2 /* SwipeMenuCell.m */ = {isa = PBXFileReference; fileEncoding = 4; lastKnownFileType = sourcecode.c.objc; path = SwipeMenuCell.m; sourceTree = "<group>"; };
		F80B92941CC9944600656EA2 /* SwipeMenuHeaderView.h */ = {isa = PBXFileReference; fileEncoding = 4; lastKnownFileType = sourcecode.c.h; path = SwipeMenuHeaderView.h; sourceTree = "<group>"; };
		F80B92951CC9944600656EA2 /* SwipeMenuHeaderView.m */ = {isa = PBXFileReference; fileEncoding = 4; lastKnownFileType = sourcecode.c.objc; path = SwipeMenuHeaderView.m; sourceTree = "<group>"; };
		F81645641CD2BD9000A3D5C5 /* Player.h */ = {isa = PBXFileReference; fileEncoding = 4; lastKnownFileType = sourcecode.c.h; path = Player.h; sourceTree = "<group>"; };
		F81645651CD2BD9000A3D5C5 /* Player.m */ = {isa = PBXFileReference; fileEncoding = 4; lastKnownFileType = sourcecode.c.objc; path = Player.m; sourceTree = "<group>"; };
		F81E4BA91CE1983E001D3C3C /* SchoolScene.h */ = {isa = PBXFileReference; fileEncoding = 4; lastKnownFileType = sourcecode.c.h; path = SchoolScene.h; sourceTree = "<group>"; };
		F81E4BAA1CE1983E001D3C3C /* SchoolScene.m */ = {isa = PBXFileReference; fileEncoding = 4; lastKnownFileType = sourcecode.c.objc; path = SchoolScene.m; sourceTree = "<group>"; };
		F81E4BAC1CE19892001D3C3C /* SchoolScene.sks */ = {isa = PBXFileReference; lastKnownFileType = file.sks; path = SchoolScene.sks; sourceTree = "<group>"; };
		F81E4BAE1CE1990B001D3C3C /* HomeScene.sks */ = {isa = PBXFileReference; lastKnownFileType = file.sks; path = HomeScene.sks; sourceTree = "<group>"; };
		F81E4BB01CE1991A001D3C3C /* HomeScene.h */ = {isa = PBXFileReference; fileEncoding = 4; lastKnownFileType = sourcecode.c.h; path = HomeScene.h; sourceTree = "<group>"; };
		F81E4BB11CE1991A001D3C3C /* HomeScene.m */ = {isa = PBXFileReference; fileEncoding = 4; lastKnownFileType = sourcecode.c.objc; path = HomeScene.m; sourceTree = "<group>"; };
		F81E4BB51CE2C541001D3C3C /* BeachScene.h */ = {isa = PBXFileReference; fileEncoding = 4; lastKnownFileType = sourcecode.c.h; path = BeachScene.h; sourceTree = "<group>"; };
		F81E4BB61CE2C541001D3C3C /* BeachScene.m */ = {isa = PBXFileReference; fileEncoding = 4; lastKnownFileType = sourcecode.c.objc; path = BeachScene.m; sourceTree = "<group>"; };
		F81E4BB81CE2C558001D3C3C /* BeachScene.sks */ = {isa = PBXFileReference; lastKnownFileType = file.sks; path = BeachScene.sks; sourceTree = "<group>"; };
		F81E4BBB1CE3090D001D3C3C /* CityScene.sks */ = {isa = PBXFileReference; lastKnownFileType = file.sks; path = CityScene.sks; sourceTree = "<group>"; };
		F81E4BBD1CE30959001D3C3C /* CityScene.h */ = {isa = PBXFileReference; fileEncoding = 4; lastKnownFileType = sourcecode.c.h; path = CityScene.h; sourceTree = "<group>"; };
		F81E4BBE1CE30959001D3C3C /* CityScene.m */ = {isa = PBXFileReference; fileEncoding = 4; lastKnownFileType = sourcecode.c.objc; path = CityScene.m; sourceTree = "<group>"; };
		F88A981E1CE8667F00B51B06 /* ScreenTexture.h */ = {isa = PBXFileReference; fileEncoding = 4; lastKnownFileType = sourcecode.c.h; path = ScreenTexture.h; sourceTree = "<group>"; };
		F88A981F1CE8667F00B51B06 /* ScreenTexture.m */ = {isa = PBXFileReference; fileEncoding = 4; lastKnownFileType = sourcecode.c.objc; path = ScreenTexture.m; sourceTree = "<group>"; };
		F88A98221CE889BB00B51B06 /* ElementManager.h */ = {isa = PBXFileReference; fileEncoding = 4; lastKnownFileType = sourcecode.c.h; path = ElementManager.h; sourceTree = "<group>"; };
		F88A98231CE889BB00B51B06 /* ElementManager.m */ = {isa = PBXFileReference; fileEncoding = 4; lastKnownFileType = sourcecode.c.objc; path = ElementManager.m; sourceTree = "<group>"; };
		F88A98261CE8A55F00B51B06 /* Element.h */ = {isa = PBXFileReference; fileEncoding = 4; lastKnownFileType = sourcecode.c.h; path = Element.h; sourceTree = "<group>"; };
		F88A98271CE8A55F00B51B06 /* Element.m */ = {isa = PBXFileReference; fileEncoding = 4; lastKnownFileType = sourcecode.c.objc; path = Element.m; sourceTree = "<group>"; };
		F88A98291CE8A75A00B51B06 /* MoneyParticle.sks */ = {isa = PBXFileReference; lastKnownFileType = file.sks; path = MoneyParticle.sks; sourceTree = "<group>"; };
		F88A982A1CE8A75A00B51B06 /* spark.png */ = {isa = PBXFileReference; lastKnownFileType = image.png; path = spark.png; sourceTree = "<group>"; };
		F8D803221CD34B90003AB7E1 /* LaunchScreen.storyboard */ = {isa = PBXFileReference; fileEncoding = 4; lastKnownFileType = file.storyboard; path = LaunchScreen.storyboard; sourceTree = "<group>"; };
		F8D803241CD34C31003AB7E1 /* Launch.storyboard */ = {isa = PBXFileReference; fileEncoding = 4; lastKnownFileType = file.storyboard; path = Launch.storyboard; sourceTree = "<group>"; };
		F8D803261CD38A3D003AB7E1 /* LogoTempLaunch.png */ = {isa = PBXFileReference; lastKnownFileType = image.png; path = LogoTempLaunch.png; sourceTree = "<group>"; };
		F8F8A7E91CD0AA1D0098533D /* LaunchView.h */ = {isa = PBXFileReference; fileEncoding = 4; lastKnownFileType = sourcecode.c.h; path = LaunchView.h; sourceTree = "<group>"; };
		F8F8A7EA1CD0AA1D0098533D /* LaunchView.m */ = {isa = PBXFileReference; fileEncoding = 4; lastKnownFileType = sourcecode.c.objc; path = LaunchView.m; sourceTree = "<group>"; };
		F8F8A7EC1CD0B04E0098533D /* MainMenuViewController.h */ = {isa = PBXFileReference; fileEncoding = 4; lastKnownFileType = sourcecode.c.h; path = MainMenuViewController.h; sourceTree = "<group>"; };
		F8F8A7ED1CD0B04E0098533D /* MainMenuViewController.m */ = {isa = PBXFileReference; fileEncoding = 4; lastKnownFileType = sourcecode.c.objc; path = MainMenuViewController.m; sourceTree = "<group>"; };
/* End PBXFileReference section */

/* Begin PBXFrameworksBuildPhase section */
		F80B92451CC990B300656EA2 /* Frameworks */ = {
			isa = PBXFrameworksBuildPhase;
			buildActionMask = 2147483647;
			files = (
			);
			runOnlyForDeploymentPostprocessing = 0;
		};
/* End PBXFrameworksBuildPhase section */

/* Begin PBXGroup section */
		F80B923F1CC990B300656EA2 = {
			isa = PBXGroup;
			children = (
				F80B924A1CC990B300656EA2 /* Sly Guy */,
				F80B92491CC990B300656EA2 /* Products */,
			);
			sourceTree = "<group>";
		};
		F80B92491CC990B300656EA2 /* Products */ = {
			isa = PBXGroup;
			children = (
				F80B92481CC990B300656EA2 /* Sly Guy.app */,
			);
			name = Products;
			sourceTree = "<group>";
		};
		F80B924A1CC990B300656EA2 /* Sly Guy */ = {
			isa = PBXGroup;
			children = (
				F80B924E1CC990B300656EA2 /* AppDelegate.h */,
				F80B924F1CC990B300656EA2 /* AppDelegate.m */,
				F80B92641CC9913200656EA2 /* Storyboards, Nibs */,
				F80B92711CC991FB00656EA2 /* Engine */,
				F80B927C1CC9925300656EA2 /* Levels */,
				F80B928F1CC9934F00656EA2 /* Managers */,
				F80B92881CC992D100656EA2 /* ViewControllers */,
				F80B92991CC9944B00656EA2 /* Custom Views */,
				F81645671CD2BD9F00A3D5C5 /* Model */,
				F80B92651CC9916600656EA2 /* Images */,
				F80B92871CC992B700656EA2 /* Utility */,
				F80B925E1CC990B300656EA2 /* Info.plist */,
				F80B924B1CC990B300656EA2 /* Supporting Files */,
			);
			path = "Sly Guy";
			sourceTree = "<group>";
		};
		F80B924B1CC990B300656EA2 /* Supporting Files */ = {
			isa = PBXGroup;
			children = (
				F80B924C1CC990B300656EA2 /* main.m */,
			);
			name = "Supporting Files";
			sourceTree = "<group>";
		};
		F80B92641CC9913200656EA2 /* Storyboards, Nibs */ = {
			isa = PBXGroup;
			children = (
				F80B92561CC990B300656EA2 /* Main.storyboard */,
				F8D803221CD34B90003AB7E1 /* LaunchScreen.storyboard */,
				F8D803241CD34C31003AB7E1 /* Launch.storyboard */,
			);
			name = "Storyboards, Nibs";
			sourceTree = "<group>";
		};
		F80B92651CC9916600656EA2 /* Images */ = {
			isa = PBXGroup;
			children = (
				F8D803261CD38A3D003AB7E1 /* LogoTempLaunch.png */,
				F80B92591CC990B300656EA2 /* Assets.xcassets */,
				F80B92511CC990B300656EA2 /* art.scnassets */,
			);
			name = Images;
			sourceTree = "<group>";
		};
		F80B92711CC991FB00656EA2 /* Engine */ = {
			isa = PBXGroup;
			children = (
				F80B92661CC9919200656EA2 /* BaseScene.h */,
				F80B92671CC9919200656EA2 /* BaseScene.m */,
				F80B92721CC9920400656EA2 /* Still Scene */,
				F80B927B1CC9923A00656EA2 /* Scroll Scene */,
			);
			name = Engine;
			sourceTree = "<group>";
		};
		F80B92721CC9920400656EA2 /* Still Scene */ = {
			isa = PBXGroup;
			children = (
				F80B92691CC991BF00656EA2 /* StillScene.h */,
				F80B926A1CC991BF00656EA2 /* StillScene.m */,
			);
			name = "Still Scene";
			sourceTree = "<group>";
		};
		F80B927B1CC9923A00656EA2 /* Scroll Scene */ = {
			isa = PBXGroup;
			children = (
				F80B92731CC9923400656EA2 /* ScrollScene.h */,
				F80B92741CC9923400656EA2 /* ScrollScene.m */,
			);
			name = "Scroll Scene";
			sourceTree = "<group>";
		};
		F80B927C1CC9925300656EA2 /* Levels */ = {
			isa = PBXGroup;
			children = (
				F81E4BB31CE199A8001D3C3C /* Home */,
				F81E4BB41CE199B0001D3C3C /* School */,
				F81E4BC01CE30960001D3C3C /* City */,
				F81E4BBA1CE305AB001D3C3C /* Beach */,
			);
			name = Levels;
			sourceTree = "<group>";
		};
		F80B92871CC992B700656EA2 /* Utility */ = {
			isa = PBXGroup;
			children = (
				F80B92801CC992B100656EA2 /* Constants.h */,
				F80B92811CC992B100656EA2 /* GameUtility.h */,
				F80B92821CC992B100656EA2 /* GameUtility.m */,
				F80B92831CC992B100656EA2 /* UIColor+GameColors.h */,
				F80B92841CC992B100656EA2 /* UIColor+GameColors.m */,
			);
			name = Utility;
			sourceTree = "<group>";
		};
		F80B92881CC992D100656EA2 /* ViewControllers */ = {
			isa = PBXGroup;
			children = (
				F8F8A7EC1CD0B04E0098533D /* MainMenuViewController.h */,
				F8F8A7ED1CD0B04E0098533D /* MainMenuViewController.m */,
				F80B927D1CC9929000656EA2 /* GameViewController.h */,
				F80B927E1CC9929000656EA2 /* GameViewController.m */,
			);
			name = ViewControllers;
			sourceTree = "<group>";
		};
		F80B928F1CC9934F00656EA2 /* Managers */ = {
			isa = PBXGroup;
			children = (
				F88A98251CE889C800B51B06 /* Element */,
				F88A98211CE8899700B51B06 /* Environment */,
			);
			name = Managers;
			sourceTree = "<group>";
		};
		F80B92991CC9944B00656EA2 /* Custom Views */ = {
			isa = PBXGroup;
			children = (
				F80B92901CC9944600656EA2 /* SwipeMenu.h */,
				F80B92911CC9944600656EA2 /* SwipeMenu.m */,
				F80B92921CC9944600656EA2 /* SwipeMenuCell.h */,
				F80B92931CC9944600656EA2 /* SwipeMenuCell.m */,
				F80B92941CC9944600656EA2 /* SwipeMenuHeaderView.h */,
				F80B92951CC9944600656EA2 /* SwipeMenuHeaderView.m */,
				F8F8A7E91CD0AA1D0098533D /* LaunchView.h */,
				F8F8A7EA1CD0AA1D0098533D /* LaunchView.m */,
			);
			name = "Custom Views";
			sourceTree = "<group>";
		};
		F81645671CD2BD9F00A3D5C5 /* Model */ = {
			isa = PBXGroup;
			children = (
				F81645641CD2BD9000A3D5C5 /* Player.h */,
				F81645651CD2BD9000A3D5C5 /* Player.m */,
			);
			name = Model;
			sourceTree = "<group>";
		};
		F81E4BB31CE199A8001D3C3C /* Home */ = {
			isa = PBXGroup;
			children = (
				F81E4BB01CE1991A001D3C3C /* HomeScene.h */,
				F81E4BB11CE1991A001D3C3C /* HomeScene.m */,
				F81E4BAE1CE1990B001D3C3C /* HomeScene.sks */,
			);
			name = Home;
			sourceTree = "<group>";
		};
		F81E4BB41CE199B0001D3C3C /* School */ = {
			isa = PBXGroup;
			children = (
				F81E4BA91CE1983E001D3C3C /* SchoolScene.h */,
				F81E4BAA1CE1983E001D3C3C /* SchoolScene.m */,
				F81E4BAC1CE19892001D3C3C /* SchoolScene.sks */,
			);
			name = School;
			sourceTree = "<group>";
		};
		F81E4BBA1CE305AB001D3C3C /* Beach */ = {
			isa = PBXGroup;
			children = (
				F81E4BB51CE2C541001D3C3C /* BeachScene.h */,
				F81E4BB61CE2C541001D3C3C /* BeachScene.m */,
				F81E4BB81CE2C558001D3C3C /* BeachScene.sks */,
			);
			name = Beach;
			sourceTree = "<group>";
		};
		F81E4BC01CE30960001D3C3C /* City */ = {
			isa = PBXGroup;
			children = (
				F81E4BBD1CE30959001D3C3C /* CityScene.h */,
				F81E4BBE1CE30959001D3C3C /* CityScene.m */,
				F81E4BBB1CE3090D001D3C3C /* CityScene.sks */,
			);
			name = City;
			sourceTree = "<group>";
		};
		F88A98211CE8899700B51B06 /* Environment */ = {
			isa = PBXGroup;
			children = (
				F80B92891CC9934800656EA2 /* EnvironmentManager.h */,
				F80B928A1CC9934800656EA2 /* EnvironmentManager.m */,
				F80B928B1CC9934800656EA2 /* ScreenSegment.h */,
				F80B928C1CC9934800656EA2 /* ScreenSegment.m */,
				F88A981E1CE8667F00B51B06 /* ScreenTexture.h */,
				F88A981F1CE8667F00B51B06 /* ScreenTexture.m */,
			);
			name = Environment;
			sourceTree = "<group>";
		};
		F88A98251CE889C800B51B06 /* Element */ = {
			isa = PBXGroup;
			children = (
				F88A98221CE889BB00B51B06 /* ElementManager.h */,
				F88A98231CE889BB00B51B06 /* ElementManager.m */,
				F88A98261CE8A55F00B51B06 /* Element.h */,
				F88A98271CE8A55F00B51B06 /* Element.m */,
				F88A98291CE8A75A00B51B06 /* MoneyParticle.sks */,
				F88A982A1CE8A75A00B51B06 /* spark.png */,
			);
			name = Element;
			sourceTree = "<group>";
		};
/* End PBXGroup section */

/* Begin PBXNativeTarget section */
		F80B92471CC990B300656EA2 /* Sly Guy */ = {
			isa = PBXNativeTarget;
			buildConfigurationList = F80B92611CC990B300656EA2 /* Build configuration list for PBXNativeTarget "Sly Guy" */;
			buildPhases = (
				F80B92441CC990B300656EA2 /* Sources */,
				F80B92451CC990B300656EA2 /* Frameworks */,
				F80B92461CC990B300656EA2 /* Resources */,
			);
			buildRules = (
			);
			dependencies = (
			);
			name = "Sly Guy";
			productName = "Sly Guy";
			productReference = F80B92481CC990B300656EA2 /* Sly Guy.app */;
			productType = "com.apple.product-type.application";
		};
/* End PBXNativeTarget section */

/* Begin PBXProject section */
		F80B92401CC990B300656EA2 /* Project object */ = {
			isa = PBXProject;
			attributes = {
				LastUpgradeCheck = 0720;
				ORGANIZATIONNAME = "Brandon Askea";
				TargetAttributes = {
					F80B92471CC990B300656EA2 = {
						CreatedOnToolsVersion = 7.2.1;
						DevelopmentTeam = A4LJ2YC4BS;
					};
				};
			};
			buildConfigurationList = F80B92431CC990B300656EA2 /* Build configuration list for PBXProject "Sly Guy" */;
			compatibilityVersion = "Xcode 3.2";
			developmentRegion = English;
			hasScannedForEncodings = 0;
			knownRegions = (
				en,
				Base,
			);
			mainGroup = F80B923F1CC990B300656EA2;
			productRefGroup = F80B92491CC990B300656EA2 /* Products */;
			projectDirPath = "";
			projectRoot = "";
			targets = (
				F80B92471CC990B300656EA2 /* Sly Guy */,
			);
		};
/* End PBXProject section */

/* Begin PBXResourcesBuildPhase section */
		F80B92461CC990B300656EA2 /* Resources */ = {
			isa = PBXResourcesBuildPhase;
			buildActionMask = 2147483647;
			files = (
				F80B92521CC990B300656EA2 /* art.scnassets in Resources */,
				F88A982C1CE8A75A00B51B06 /* spark.png in Resources */,
				F8D803231CD34B90003AB7E1 /* LaunchScreen.storyboard in Resources */,
				F81E4BAD1CE19892001D3C3C /* SchoolScene.sks in Resources */,
				F81E4BBC1CE3090D001D3C3C /* CityScene.sks in Resources */,
				F88A982B1CE8A75A00B51B06 /* MoneyParticle.sks in Resources */,
				F8D803251CD34C31003AB7E1 /* Launch.storyboard in Resources */,
				F81E4BB91CE2C558001D3C3C /* BeachScene.sks in Resources */,
				F80B925A1CC990B300656EA2 /* Assets.xcassets in Resources */,
				F80B92581CC990B300656EA2 /* Main.storyboard in Resources */,
				F81E4BAF1CE1990B001D3C3C /* HomeScene.sks in Resources */,
				F8D803271CD38A3D003AB7E1 /* LogoTempLaunch.png in Resources */,
			);
			runOnlyForDeploymentPostprocessing = 0;
		};
/* End PBXResourcesBuildPhase section */

/* Begin PBXSourcesBuildPhase section */
		F80B92441CC990B300656EA2 /* Sources */ = {
			isa = PBXSourcesBuildPhase;
			buildActionMask = 2147483647;
			files = (
				F80B927F1CC9929000656EA2 /* GameViewController.m in Sources */,
				F80B928E1CC9934800656EA2 /* ScreenSegment.m in Sources */,
				F80B92851CC992B100656EA2 /* GameUtility.m in Sources */,
				F81E4BAB1CE1983E001D3C3C /* SchoolScene.m in Sources */,
				F88A98281CE8A55F00B51B06 /* Element.m in Sources */,
				F80B928D1CC9934800656EA2 /* EnvironmentManager.m in Sources */,
				F80B92961CC9944600656EA2 /* SwipeMenu.m in Sources */,
				F80B92981CC9944600656EA2 /* SwipeMenuHeaderView.m in Sources */,
				F81E4BB71CE2C541001D3C3C /* BeachScene.m in Sources */,
				F80B92971CC9944600656EA2 /* SwipeMenuCell.m in Sources */,
				F81E4BBF1CE30959001D3C3C /* CityScene.m in Sources */,
				F80B92681CC9919200656EA2 /* BaseScene.m in Sources */,
				F80B926E1CC991BF00656EA2 /* StillScene.m in Sources */,
				F8F8A7EE1CD0B04E0098533D /* MainMenuViewController.m in Sources */,
				F80B92501CC990B300656EA2 /* AppDelegate.m in Sources */,
				F80B92861CC992B100656EA2 /* UIColor+GameColors.m in Sources */,
				F88A98201CE8667F00B51B06 /* ScreenTexture.m in Sources */,
				F80B924D1CC990B300656EA2 /* main.m in Sources */,
				F81E4BB21CE1991A001D3C3C /* HomeScene.m in Sources */,
				F88A98241CE889BB00B51B06 /* ElementManager.m in Sources */,
				F8F8A7EB1CD0AA1D0098533D /* LaunchView.m in Sources */,
				F80B92781CC9923400656EA2 /* ScrollScene.m in Sources */,
				F81645661CD2BD9000A3D5C5 /* Player.m in Sources */,
			);
			runOnlyForDeploymentPostprocessing = 0;
		};
/* End PBXSourcesBuildPhase section */

/* Begin PBXVariantGroup section */
		F80B92561CC990B300656EA2 /* Main.storyboard */ = {
			isa = PBXVariantGroup;
			children = (
				F80B92571CC990B300656EA2 /* Base */,
			);
			name = Main.storyboard;
			sourceTree = "<group>";
		};
/* End PBXVariantGroup section */

/* Begin XCBuildConfiguration section */
		F80B925F1CC990B300656EA2 /* Debug */ = {
			isa = XCBuildConfiguration;
			buildSettings = {
				ALWAYS_SEARCH_USER_PATHS = NO;
				CLANG_CXX_LANGUAGE_STANDARD = "gnu++0x";
				CLANG_CXX_LIBRARY = "libc++";
				CLANG_ENABLE_MODULES = YES;
				CLANG_ENABLE_OBJC_ARC = YES;
				CLANG_WARN_BOOL_CONVERSION = YES;
				CLANG_WARN_CONSTANT_CONVERSION = YES;
				CLANG_WARN_DIRECT_OBJC_ISA_USAGE = YES_ERROR;
				CLANG_WARN_EMPTY_BODY = YES;
				CLANG_WARN_ENUM_CONVERSION = YES;
				CLANG_WARN_INT_CONVERSION = YES;
				CLANG_WARN_OBJC_ROOT_CLASS = YES_ERROR;
				CLANG_WARN_UNREACHABLE_CODE = YES;
				CLANG_WARN__DUPLICATE_METHOD_MATCH = YES;
				"CODE_SIGN_IDENTITY[sdk=iphoneos*]" = "iPhone Developer";
				COPY_PHASE_STRIP = NO;
				DEBUG_INFORMATION_FORMAT = "dwarf-with-dsym";
				ENABLE_STRICT_OBJC_MSGSEND = YES;
				ENABLE_TESTABILITY = YES;
				GCC_C_LANGUAGE_STANDARD = gnu99;
				GCC_DYNAMIC_NO_PIC = NO;
				GCC_NO_COMMON_BLOCKS = YES;
				GCC_OPTIMIZATION_LEVEL = 0;
				GCC_PREPROCESSOR_DEFINITIONS = (
					"DEBUG=1",
					"$(inherited)",
				);
				GCC_WARN_64_TO_32_BIT_CONVERSION = YES;
				GCC_WARN_ABOUT_RETURN_TYPE = YES_ERROR;
				GCC_WARN_UNDECLARED_SELECTOR = YES;
				GCC_WARN_UNINITIALIZED_AUTOS = YES_AGGRESSIVE;
				GCC_WARN_UNUSED_FUNCTION = YES;
				GCC_WARN_UNUSED_VARIABLE = YES;
				IPHONEOS_DEPLOYMENT_TARGET = 9.2;
				MTL_ENABLE_DEBUG_INFO = YES;
				ONLY_ACTIVE_ARCH = YES;
				SDKROOT = iphoneos;
				TARGETED_DEVICE_FAMILY = "1,2";
			};
			name = Debug;
		};
		F80B92601CC990B300656EA2 /* Release */ = {
			isa = XCBuildConfiguration;
			buildSettings = {
				ALWAYS_SEARCH_USER_PATHS = NO;
				CLANG_CXX_LANGUAGE_STANDARD = "gnu++0x";
				CLANG_CXX_LIBRARY = "libc++";
				CLANG_ENABLE_MODULES = YES;
				CLANG_ENABLE_OBJC_ARC = YES;
				CLANG_WARN_BOOL_CONVERSION = YES;
				CLANG_WARN_CONSTANT_CONVERSION = YES;
				CLANG_WARN_DIRECT_OBJC_ISA_USAGE = YES_ERROR;
				CLANG_WARN_EMPTY_BODY = YES;
				CLANG_WARN_ENUM_CONVERSION = YES;
				CLANG_WARN_INT_CONVERSION = YES;
				CLANG_WARN_OBJC_ROOT_CLASS = YES_ERROR;
				CLANG_WARN_UNREACHABLE_CODE = YES;
				CLANG_WARN__DUPLICATE_METHOD_MATCH = YES;
				"CODE_SIGN_IDENTITY[sdk=iphoneos*]" = "iPhone Developer";
				COPY_PHASE_STRIP = NO;
				DEBUG_INFORMATION_FORMAT = "dwarf-with-dsym";
				ENABLE_NS_ASSERTIONS = NO;
				ENABLE_STRICT_OBJC_MSGSEND = YES;
				GCC_C_LANGUAGE_STANDARD = gnu99;
				GCC_NO_COMMON_BLOCKS = YES;
				GCC_WARN_64_TO_32_BIT_CONVERSION = YES;
				GCC_WARN_ABOUT_RETURN_TYPE = YES_ERROR;
				GCC_WARN_UNDECLARED_SELECTOR = YES;
				GCC_WARN_UNINITIALIZED_AUTOS = YES_AGGRESSIVE;
				GCC_WARN_UNUSED_FUNCTION = YES;
				GCC_WARN_UNUSED_VARIABLE = YES;
				IPHONEOS_DEPLOYMENT_TARGET = 9.2;
				MTL_ENABLE_DEBUG_INFO = NO;
				SDKROOT = iphoneos;
				TARGETED_DEVICE_FAMILY = "1,2";
				VALIDATE_PRODUCT = YES;
			};
			name = Release;
		};
		F80B92621CC990B300656EA2 /* Debug */ = {
			isa = XCBuildConfiguration;
			buildSettings = {
				ASSETCATALOG_COMPILER_APPICON_NAME = AppIcon;
				CODE_SIGN_IDENTITY = "iPhone Developer";
				INFOPLIST_FILE = "Sly Guy/Info.plist";
				LD_RUNPATH_SEARCH_PATHS = "$(inherited) @executable_path/Frameworks";
				PRODUCT_BUNDLE_IDENTIFIER = com.slyguygame.slyguy;
				PRODUCT_NAME = "$(TARGET_NAME)";
			};
			name = Debug;
		};
		F80B92631CC990B300656EA2 /* Release */ = {
			isa = XCBuildConfiguration;
			buildSettings = {
				ASSETCATALOG_COMPILER_APPICON_NAME = AppIcon;
				CODE_SIGN_IDENTITY = "iPhone Developer";
				INFOPLIST_FILE = "Sly Guy/Info.plist";
				LD_RUNPATH_SEARCH_PATHS = "$(inherited) @executable_path/Frameworks";
				PRODUCT_BUNDLE_IDENTIFIER = com.slyguygame.slyguy;
				PRODUCT_NAME = "$(TARGET_NAME)";
			};
			name = Release;
		};
/* End XCBuildConfiguration section */

/* Begin XCConfigurationList section */
		F80B92431CC990B300656EA2 /* Build configuration list for PBXProject "Sly Guy" */ = {
			isa = XCConfigurationList;
			buildConfigurations = (
				F80B925F1CC990B300656EA2 /* Debug */,
				F80B92601CC990B300656EA2 /* Release */,
			);
			defaultConfigurationIsVisible = 0;
			defaultConfigurationName = Release;
		};
		F80B92611CC990B300656EA2 /* Build configuration list for PBXNativeTarget "Sly Guy" */ = {
			isa = XCConfigurationList;
			buildConfigurations = (
				F80B92621CC990B300656EA2 /* Debug */,
				F80B92631CC990B300656EA2 /* Release */,
			);
			defaultConfigurationIsVisible = 0;
			defaultConfigurationName = Release;
		};
/* End XCConfigurationList section */
	};
	rootObject = F80B92401CC990B300656EA2 /* Project object */;
}
